
Microsoft Visual Studio Solution File, Format Version 12.00
# Visual Studio 15
VisualStudioVersion = 15.0.26730.16
MinimumVisualStudioVersion = 10.0.40219.1
Project("{FAE04EC0-301F-11D3-BF4B-00C04F79EFBC}") = "BacnetLutronWeb", "BacnetLutronWeb\BacnetLutronWeb.csproj", "{7D42F86C-ADD6-49C3-8C5C-787D83513998}"
EndProject
Global
	GlobalSection(SolutionConfigurationPlatforms) = preSolution
		Debug|Any CPU = Debug|Any CPU
		Release|Any CPU = Release|Any CPU
	EndGlobalSection
	GlobalSection(ProjectConfigurationPlatforms) = postSolution
		{7D42F86C-ADD6-49C3-8C5C-787D83513998}.Debug|Any CPU.ActiveCfg = Debug|Any CPU
		{7D42F86C-ADD6-49C3-8C5C-787D83513998}.Debug|Any CPU.Build.0 = Debug|Any CPU
		{7D42F86C-ADD6-49C3-8C5C-787D83513998}.Release|Any CPU.ActiveCfg = Release|Any CPU
		{7D42F86C-ADD6-49C3-8C5C-787D83513998}.Release|Any CPU.Build.0 = Release|Any CPU
	EndGlobalSection
	GlobalSection(SolutionProperties) = preSolution
		HideSolutionNode = FALSE
	EndGlobalSection
	GlobalSection(ExtensibilityGlobals) = postSolution
		SolutionGuid = {56E3FEEF-BF47-4425-AB3D-A6D3597D1286}
	EndGlobalSection
EndGlobal
